
Microsoft Visual Studio Solution File, Format Version 12.00
# Visual Studio Version 16
VisualStudioVersion = 16.0.31729.503
MinimumVisualStudioVersion = 10.0.40219.1
Project("{8BC9CEB8-8B4A-11D0-8D11-00A0C91BC942}") = "Lab3_3", "Lab3_3\Lab3_3.vcxproj", "{54CCD139-7003-46FD-90DA-FBDDECDF5056}"
EndProject
Project("{8BC9CEB8-8B4A-11D0-8D11-00A0C91BC942}") = "UnitTest1", "UnitTest1\UnitTest1.vcxproj", "{FC40B7D4-C1EE-43EA-BF84-9955BA45F6DB}"
EndProject
Global
	GlobalSection(SolutionConfigurationPlatforms) = preSolution
		Debug|x64 = Debug|x64
		Debug|x86 = Debug|x86
		Release|x64 = Release|x64
		Release|x86 = Release|x86
	EndGlobalSection
	GlobalSection(ProjectConfigurationPlatforms) = postSolution
		{54CCD139-7003-46FD-90DA-FBDDECDF5056}.Debug|x64.ActiveCfg = Debug|x64
		{54CCD139-7003-46FD-90DA-FBDDECDF5056}.Debug|x64.Build.0 = Debug|x64
		{54CCD139-7003-46FD-90DA-FBDDECDF5056}.Debug|x86.ActiveCfg = Debug|Win32
		{54CCD139-7003-46FD-90DA-FBDDECDF5056}.Debug|x86.Build.0 = Debug|Win32
		{54CCD139-7003-46FD-90DA-FBDDECDF5056}.Release|x64.ActiveCfg = Release|x64
		{54CCD139-7003-46FD-90DA-FBDDECDF5056}.Release|x64.Build.0 = Release|x64
		{54CCD139-7003-46FD-90DA-FBDDECDF5056}.Release|x86.ActiveCfg = Release|Win32
		{54CCD139-7003-46FD-90DA-FBDDECDF5056}.Release|x86.Build.0 = Release|Win32
		{FC40B7D4-C1EE-43EA-BF84-9955BA45F6DB}.Debug|x64.ActiveCfg = Debug|x64
		{FC40B7D4-C1EE-43EA-BF84-9955BA45F6DB}.Debug|x64.Build.0 = Debug|x64
		{FC40B7D4-C1EE-43EA-BF84-9955BA45F6DB}.Debug|x86.ActiveCfg = Debug|Win32
		{FC40B7D4-C1EE-43EA-BF84-9955BA45F6DB}.Debug|x86.Build.0 = Debug|Win32
		{FC40B7D4-C1EE-43EA-BF84-9955BA45F6DB}.Release|x64.ActiveCfg = Release|x64
		{FC40B7D4-C1EE-43EA-BF84-9955BA45F6DB}.Release|x64.Build.0 = Release|x64
		{FC40B7D4-C1EE-43EA-BF84-9955BA45F6DB}.Release|x86.ActiveCfg = Release|Win32
		{FC40B7D4-C1EE-43EA-BF84-9955BA45F6DB}.Release|x86.Build.0 = Release|Win32
	EndGlobalSection
	GlobalSection(SolutionProperties) = preSolution
		HideSolutionNode = FALSE
	EndGlobalSection
	GlobalSection(ExtensibilityGlobals) = postSolution
		SolutionGuid = {AA79B487-2A8B-449C-9277-8A9198E20FA1}
	EndGlobalSection
EndGlobal
